<?xml version="1.0" encoding="utf-8"?>
<Project ToolsVersion="4.0" xmlns="http://schemas.microsoft.com/developer/msbuild/2003">
  <ItemGroup>
    <Filter Include="來源檔案">
      <UniqueIdentifier>{4FC737F1-C7A5-4376-A066-2A32D752A2FF}</UniqueIdentifier>
      <Extensions>cpp;c;cc;cxx;c++;cppm;ixx;def;odl;idl;hpj;bat;asm;asmx</Extensions>
    </Filter>
    <Filter Include="資源檔">
      <UniqueIdentifier>{67DA6AB6-F800-4c08-8B7A-83BB121AAD01}</UniqueIdentifier>
      <Extensions>rc;ico;cur;bmp;dlg;rc2;rct;bin;rgs;gif;jpg;jpeg;jpe;resx;tiff;tif;png;wav;mfcribbon-ms</Extensions>
    </Filter>
  </ItemGroup>
  <ItemGroup>
    <ClCompile Include="..\sdlpal\source\audio.c">
      <Filter>來源檔案</Filter>
    </ClCompile>
    <ClCompile Include="..\sdlpal\source\aviplay.c">
      <Filter>來源檔案</Filter>
    </ClCompile>
    <ClCompile Include="..\sdlpal\source\battle.c">
      <Filter>來源檔案</Filter>
    </ClCompile>
    <ClCompile Include="..\sdlpal\source\ending.c">
      <Filter>來源檔案</Filter>
    </ClCompile>
    <ClCompile Include="..\sdlpal\source\fight.c">
      <Filter>來源檔案</Filter>
    </ClCompile>
    <ClCompile Include="..\sdlpal\source\font.c">
      <Filter>來源檔案</Filter>
    </ClCompile>
    <ClCompile Include="..\sdlpal\source\game.c">
      <Filter>來源檔案</Filter>
    </ClCompile>
    <ClCompile Include="..\sdlpal\source\global.c">
      <Filter>來源檔案</Filter>
    </ClCompile>
    <ClCompile Include="..\sdlpal\source\glslp.c">
      <Filter>來源檔案</Filter>
    </ClCompile>
    <ClCompile Include="..\sdlpal\source\input.c">
      <Filter>來源檔案</Filter>
    </ClCompile>
    <ClCompile Include="..\sdlpal\source\itemmenu.c">
      <Filter>來源檔案</Filter>
    </ClCompile>
    <ClCompile Include="..\sdlpal\source\magicmenu.c">
      <Filter>來源檔案</Filter>
    </ClCompile>
    <ClCompile Include="..\sdlpal\source\main.c">
      <Filter>來源檔案</Filter>
    </ClCompile>
    <ClCompile Include="..\sdlpal\source\map.c">
      <Filter>來源檔案</Filter>
    </ClCompile>
    <ClCompile Include="..\sdlpal\source\midi.c">
      <Filter>來源檔案</Filter>
    </ClCompile>
    <ClCompile Include="..\sdlpal\source\midi_timidity.c">
      <Filter>來源檔案</Filter>
    </ClCompile>
    <ClCompile Include="..\sdlpal\source\midi_tsf.c">
      <Filter>來源檔案</Filter>
    </ClCompile>
    <ClCompile Include="..\sdlpal\source\mini_glloader.c">
      <Filter>來源檔案</Filter>
    </ClCompile>
    <ClCompile Include="..\sdlpal\source\mp3play.c">
      <Filter>來源檔案</Filter>
    </ClCompile>
    <ClCompile Include="..\sdlpal\source\music_mad.c">
      <Filter>來源檔案</Filter>
    </ClCompile>
    <ClCompile Include="..\sdlpal\source\oggplay.c">
      <Filter>來源檔案</Filter>
    </ClCompile>
    <ClCompile Include="..\sdlpal\source\opusplay.c">
      <Filter>來源檔案</Filter>
    </ClCompile>
    <ClCompile Include="..\sdlpal\source\overlay.c">
      <Filter>來源檔案</Filter>
    </ClCompile>
    <ClCompile Include="..\sdlpal\source\palcfg.c">
      <Filter>來源檔案</Filter>
    </ClCompile>
    <ClCompile Include="..\sdlpal\source\palcommon.c">
      <Filter>來源檔案</Filter>
    </ClCompile>
    <ClCompile Include="..\sdlpal\source\palette.c">
      <Filter>來源檔案</Filter>
    </ClCompile>
    <ClCompile Include="..\sdlpal\source\play.c">
      <Filter>來源檔案</Filter>
    </ClCompile>
    <ClCompile Include="..\sdlpal\source\res.c">
      <Filter>來源檔案</Filter>
    </ClCompile>
    <ClCompile Include="..\sdlpal\source\resampler.c">
      <Filter>來源檔案</Filter>
    </ClCompile>
    <ClCompile Include="..\sdlpal\source\rixplay.cpp">
      <Filter>來源檔案</Filter>
    </ClCompile>
    <ClCompile Include="..\sdlpal\source\rngplay.c">
      <Filter>來源檔案</Filter>
    </ClCompile>
    <ClCompile Include="..\sdlpal\source\scene.c">
      <Filter>來源檔案</Filter>
    </ClCompile>
    <ClCompile Include="..\sdlpal\source\script.c">
      <Filter>來源檔案</Filter>
    </ClCompile>
    <ClCompile Include="..\sdlpal\source\sound.c">
      <Filter>來源檔案</Filter>
    </ClCompile>
    <ClCompile Include="..\sdlpal\source\text.c">
      <Filter>來源檔案</Filter>
    </ClCompile>
    <ClCompile Include="..\sdlpal\source\ui.c">
      <Filter>來源檔案</Filter>
    </ClCompile>
    <ClCompile Include="..\sdlpal\source\uibattle.c">
      <Filter>來源檔案</Filter>
    </ClCompile>
    <ClCompile Include="..\sdlpal\source\uigame.c">
      <Filter>來源檔案</Filter>
    </ClCompile>
    <ClCompile Include="..\sdlpal\source\util.c">
      <Filter>來源檔案</Filter>
    </ClCompile>
    <ClCompile Include="..\sdlpal\source\video.c">
      <Filter>來源檔案</Filter>
    </ClCompile>
    <ClCompile Include="..\sdlpal\source\video_glsl.c">
      <Filter>來源檔案</Filter>
    </ClCompile>
    <ClCompile Include="..\sdlpal\source\yj1.c">
      <Filter>來源檔案</Filter>
    </ClCompile>
  </ItemGroup>
</Project>