<?xml version="1.0" encoding="utf-8"?>
<Project ToolsVersion="4.0" xmlns="http://schemas.microsoft.com/developer/msbuild/2003">
  <ItemGroup>
    <Filter Include="Source Files">
      <UniqueIdentifier>{5fb8a8f9-e3e0-47bc-9069-169cab515daa}</UniqueIdentifier>
      <Extensions>cpp;c;cxx;rc;def;r;odl;idl;hpj;bat</Extensions>
    </Filter>
    <Filter Include="adplug">
      <UniqueIdentifier>{03115a26-b3ad-43f5-ae8b-5029ef689d92}</UniqueIdentifier>
    </Filter>
    <Filter Include="platform">
      <UniqueIdentifier>{06f44698-1e02-440e-bc40-9858a46c2d8f}</UniqueIdentifier>
    </Filter>
    <Filter Include="adplug\mame">
      <UniqueIdentifier>{ecd0a2c8-523a-482d-b8a4-6ebd08aea825}</UniqueIdentifier>
    </Filter>
    <Filter Include="adplug\dosbox">
      <UniqueIdentifier>{235eb646-1568-44f3-be0c-1771d9d4164e}</UniqueIdentifier>
    </Filter>
    <Filter Include="adplug\nuked">
      <UniqueIdentifier>{fde4098f-ad55-43c6-a706-d34fea999c87}</UniqueIdentifier>
    </Filter>
  </ItemGroup>
  <ItemGroup>
    <ClCompile Include="..\adplug\binfile.cpp">
      <Filter>adplug</Filter>
    </ClCompile>
    <ClCompile Include="..\adplug\binio.cpp">
      <Filter>adplug</Filter>
    </ClCompile>
    <ClCompile Include="..\adplug\fprovide.cpp">
      <Filter>adplug</Filter>
    </ClCompile>
    <ClCompile Include="..\adplug\player.cpp">
      <Filter>adplug</Filter>
    </ClCompile>
    <ClCompile Include="..\adplug\rix.cpp">
      <Filter>adplug</Filter>
    </ClCompile>
    <ClCompile Include="..\adplug\surroundopl.cpp">
      <Filter>adplug</Filter>
    </ClCompile>
    <ClCompile Include="win32.cpp">
      <Filter>platform</Filter>
    </ClCompile>
    <ClCompile Include="..\adplug\emuopls.cpp">
      <Filter>adplug</Filter>
    </ClCompile>
    <ClCompile Include="..\adplug\dosbox_opls.cpp">
      <Filter>adplug</Filter>
    </ClCompile>
    <ClCompile Include="..\adplug\mame_opls.cpp">
      <Filter>adplug</Filter>
    </ClCompile>
    <ClCompile Include="..\adplug\nuked_opl.c">
      <Filter>adplug</Filter>
    </ClCompile>
    <ClCompile Include="..\sdlpal\source\midi_timidity.c">
      <Filter>Source Files</Filter>
    </ClCompile>
    <ClCompile Include="..\sdlpal\source\midi_tsf.c">
      <Filter>Source Files</Filter>
    </ClCompile>
    <ClCompile Include="..\sdlpal\source\mini_glloader.c">
      <Filter>Source Files</Filter>
    </ClCompile>
    <ClCompile Include="..\sdlpal\source\mp3play.c">
      <Filter>Source Files</Filter>
    </ClCompile>
    <ClCompile Include="..\sdlpal\source\music_mad.c">
      <Filter>Source Files</Filter>
    </ClCompile>
    <ClCompile Include="..\sdlpal\source\oggplay.c">
      <Filter>Source Files</Filter>
    </ClCompile>
    <ClCompile Include="..\sdlpal\source\opusplay.c">
      <Filter>Source Files</Filter>
    </ClCompile>
    <ClCompile Include="..\sdlpal\source\overlay.c">
      <Filter>Source Files</Filter>
    </ClCompile>
    <ClCompile Include="..\sdlpal\source\palcfg.c">
      <Filter>Source Files</Filter>
    </ClCompile>
    <ClCompile Include="..\sdlpal\source\palcommon.c">
      <Filter>Source Files</Filter>
    </ClCompile>
    <ClCompile Include="..\sdlpal\source\palette.c">
      <Filter>Source Files</Filter>
    </ClCompile>
    <ClCompile Include="..\sdlpal\source\play.c">
      <Filter>Source Files</Filter>
    </ClCompile>
    <ClCompile Include="..\sdlpal\source\res.c">
      <Filter>Source Files</Filter>
    </ClCompile>
    <ClCompile Include="..\sdlpal\source\resampler.c">
      <Filter>Source Files</Filter>
    </ClCompile>
    <ClCompile Include="..\sdlpal\source\rixplay.cpp">
      <Filter>Source Files</Filter>
    </ClCompile>
    <ClCompile Include="..\sdlpal\source\rngplay.c">
      <Filter>Source Files</Filter>
    </ClCompile>
    <ClCompile Include="..\sdlpal\source\scene.c">
      <Filter>Source Files</Filter>
    </ClCompile>
    <ClCompile Include="..\sdlpal\source\script.c">
      <Filter>Source Files</Filter>
    </ClCompile>
    <ClCompile Include="..\sdlpal\source\sound.c">
      <Filter>Source Files</Filter>
    </ClCompile>
    <ClCompile Include="..\sdlpal\source\text.c">
      <Filter>Source Files</Filter>
    </ClCompile>
    <ClCompile Include="..\sdlpal\source\ui.c">
      <Filter>Source Files</Filter>
    </ClCompile>
    <ClCompile Include="..\sdlpal\source\uibattle.c">
      <Filter>Source Files</Filter>
    </ClCompile>
    <ClCompile Include="..\sdlpal\source\uigame.c">
      <Filter>Source Files</Filter>
    </ClCompile>
    <ClCompile Include="..\sdlpal\source\util.c">
      <Filter>Source Files</Filter>
    </ClCompile>
    <ClCompile Include="..\sdlpal\source\video.c">
      <Filter>Source Files</Filter>
    </ClCompile>
    <ClCompile Include="..\sdlpal\source\video_glsl.c">
      <Filter>Source Files</Filter>
    </ClCompile>
    <ClCompile Include="..\sdlpal\source\yj1.c">
      <Filter>Source Files</Filter>
    </ClCompile>
    <ClCompile Include="..\sdlpal\source\audio.c">
      <Filter>Source Files</Filter>
    </ClCompile>
    <ClCompile Include="..\sdlpal\source\aviplay.c">
      <Filter>Source Files</Filter>
    </ClCompile>
    <ClCompile Include="..\sdlpal\source\battle.c">
      <Filter>Source Files</Filter>
    </ClCompile>
    <ClCompile Include="..\sdlpal\source\ending.c">
      <Filter>Source Files</Filter>
    </ClCompile>
    <ClCompile Include="..\sdlpal\source\fight.c">
      <Filter>Source Files</Filter>
    </ClCompile>
    <ClCompile Include="..\sdlpal\source\font.c">
      <Filter>Source Files</Filter>
    </ClCompile>
    <ClCompile Include="..\sdlpal\source\game.c">
      <Filter>Source Files</Filter>
    </ClCompile>
    <ClCompile Include="..\sdlpal\source\global.c">
      <Filter>Source Files</Filter>
    </ClCompile>
    <ClCompile Include="..\sdlpal\source\glslp.c">
      <Filter>Source Files</Filter>
    </ClCompile>
    <ClCompile Include="..\sdlpal\source\input.c">
      <Filter>Source Files</Filter>
    </ClCompile>
    <ClCompile Include="..\sdlpal\source\itemmenu.c">
      <Filter>Source Files</Filter>
    </ClCompile>
    <ClCompile Include="..\sdlpal\source\magicmenu.c">
      <Filter>Source Files</Filter>
    </ClCompile>
    <ClCompile Include="..\sdlpal\source\main.c">
      <Filter>Source Files</Filter>
    </ClCompile>
    <ClCompile Include="..\sdlpal\source\map.c">
      <Filter>Source Files</Filter>
    </ClCompile>
    <ClCompile Include="..\sdlpal\source\midi.c">
      <Filter>Source Files</Filter>
    </ClCompile>
  </ItemGroup>
  <ItemGroup>
    <ClInclude Include="..\adplug\binfile.h">
      <Filter>adplug</Filter>
    </ClInclude>
    <ClInclude Include="..\adplug\binio.h">
      <Filter>adplug</Filter>
    </ClInclude>
    <ClInclude Include="..\adplug\fprovide.h">
      <Filter>adplug</Filter>
    </ClInclude>
    <ClInclude Include="..\adplug\opl.h">
      <Filter>adplug</Filter>
    </ClInclude>
    <ClInclude Include="..\adplug\player.h">
      <Filter>adplug</Filter>
    </ClInclude>
    <ClInclude Include="..\adplug\rix.h">
      <Filter>adplug</Filter>
    </ClInclude>
    <ClInclude Include="..\adplug\surroundopl.h">
      <Filter>adplug</Filter>
    </ClInclude>
    <ClInclude Include="pal_config.h">
      <Filter>platform</Filter>
    </ClInclude>
    <ClInclude Include="..\adplug\emuopls.h">
      <Filter>adplug</Filter>
    </ClInclude>
    <ClInclude Include="..\adplug\convertopl.h">
      <Filter>adplug</Filter>
    </ClInclude>
    <ClInclude Include="..\adplug\nuked\opl3.h">
      <Filter>adplug\nuked</Filter>
    </ClInclude>
    <ClInclude Include="..\adplug\mame\fmopl.h">
      <Filter>adplug\mame</Filter>
    </ClInclude>
    <ClInclude Include="..\adplug\mame\ymf262.h">
      <Filter>adplug\mame</Filter>
    </ClInclude>
    <ClInclude Include="..\adplug\dosbox\dbopl.h">
      <Filter>adplug\dosbox</Filter>
    </ClInclude>
    <ClInclude Include="..\adplug\dosbox\opl.h">
      <Filter>adplug\dosbox</Filter>
    </ClInclude>
    <ClInclude Include="..\adplug\dosbox\dosbox.h">
      <Filter>adplug\dosbox</Filter>
    </ClInclude>
    <ClInclude Include="..\adplug\mame\mame.h">
      <Filter>adplug\mame</Filter>
    </ClInclude>
    <ClInclude Include="..\adplug\dosbox_opls.h">
      <Filter>adplug</Filter>
    </ClInclude>
    <ClInclude Include="..\adplug\mame_opls.h">
      <Filter>adplug</Filter>
    </ClInclude>
    <ClInclude Include="..\adplug\nuked_opl.h">
      <Filter>adplug</Filter>
    </ClInclude>
    <ClInclude Include="..\adplug\opltypes.h">
      <Filter>adplug</Filter>
    </ClInclude>
    <ClInclude Include="..\adplug\mame\fmopl.cpp.h">
      <Filter>adplug\mame</Filter>
    </ClInclude>
    <ClInclude Include="..\adplug\mame\ymf262.cpp.h">
      <Filter>adplug\mame</Filter>
    </ClInclude>
    <ClInclude Include="..\adplug\dosbox\dbopl.cpp.h">
      <Filter>adplug\dosbox</Filter>
    </ClInclude>
    <ClInclude Include="..\adplug\dosbox\opl.cpp.h">
      <Filter>adplug\dosbox</Filter>
    </ClInclude>
    <ClInclude Include="..\adplug\nuked\opl3.c.h">
      <Filter>adplug\nuked</Filter>
    </ClInclude>
  </ItemGroup>
</Project>