<?xml version="1.0" encoding="utf-8"?>
<Project ToolsVersion="4.0" xmlns="http://schemas.microsoft.com/developer/msbuild/2003">
  <ItemGroup>
    <Filter Include="Source Files">
      <UniqueIdentifier>{5fb8a8f9-e3e0-47bc-9069-169cab515daa}</UniqueIdentifier>
      <Extensions>cpp;c;cxx;rc;def;r;odl;idl;hpj;bat</Extensions>
    </Filter>
    <Filter Include="adplug">
      <UniqueIdentifier>{03115a26-b3ad-43f5-ae8b-5029ef689d92}</UniqueIdentifier>
    </Filter>
    <Filter Include="libmad">
      <UniqueIdentifier>{1e3bd586-dfa2-4acb-8f38-8497f4539508}</UniqueIdentifier>
    </Filter>
    <Filter Include="platform">
      <UniqueIdentifier>{06f44698-1e02-440e-bc40-9858a46c2d8f}</UniqueIdentifier>
    </Filter>
    <Filter Include="adplug\mame">
      <UniqueIdentifier>{ecd0a2c8-523a-482d-b8a4-6ebd08aea825}</UniqueIdentifier>
    </Filter>
    <Filter Include="adplug\dosbox">
      <UniqueIdentifier>{235eb646-1568-44f3-be0c-1771d9d4164e}</UniqueIdentifier>
    </Filter>
    <Filter Include="adplug\nuked">
      <UniqueIdentifier>{fde4098f-ad55-43c6-a706-d34fea999c87}</UniqueIdentifier>
    </Filter>
    <Filter Include="glsl">
      <UniqueIdentifier>{b4ef0625-ac16-4ede-a43a-4e388aff7738}</UniqueIdentifier>
    </Filter>
  </ItemGroup>
  <ItemGroup>
    <ClCompile Include="..\battle.c">
      <Filter>Source Files</Filter>
    </ClCompile>
    <ClCompile Include="..\ending.c">
      <Filter>Source Files</Filter>
    </ClCompile>
    <ClCompile Include="..\fight.c">
      <Filter>Source Files</Filter>
    </ClCompile>
    <ClCompile Include="..\font.c">
      <Filter>Source Files</Filter>
    </ClCompile>
    <ClCompile Include="..\game.c">
      <Filter>Source Files</Filter>
    </ClCompile>
    <ClCompile Include="..\global.c">
      <Filter>Source Files</Filter>
    </ClCompile>
    <ClCompile Include="..\input.c">
      <Filter>Source Files</Filter>
    </ClCompile>
    <ClCompile Include="..\itemmenu.c">
      <Filter>Source Files</Filter>
    </ClCompile>
    <ClCompile Include="..\magicmenu.c">
      <Filter>Source Files</Filter>
    </ClCompile>
    <ClCompile Include="..\main.c">
      <Filter>Source Files</Filter>
    </ClCompile>
    <ClCompile Include="..\map.c">
      <Filter>Source Files</Filter>
    </ClCompile>
    <ClCompile Include="..\midi.c">
      <Filter>Source Files</Filter>
    </ClCompile>
    <ClCompile Include="..\palcommon.c">
      <Filter>Source Files</Filter>
    </ClCompile>
    <ClCompile Include="..\palette.c">
      <Filter>Source Files</Filter>
    </ClCompile>
    <ClCompile Include="..\play.c">
      <Filter>Source Files</Filter>
    </ClCompile>
    <ClCompile Include="..\res.c">
      <Filter>Source Files</Filter>
    </ClCompile>
    <ClCompile Include="..\rixplay.cpp">
      <Filter>Source Files</Filter>
    </ClCompile>
    <ClCompile Include="..\rngplay.c">
      <Filter>Source Files</Filter>
    </ClCompile>
    <ClCompile Include="..\scene.c">
      <Filter>Source Files</Filter>
    </ClCompile>
    <ClCompile Include="..\script.c">
      <Filter>Source Files</Filter>
    </ClCompile>
    <ClCompile Include="..\sound.c">
      <Filter>Source Files</Filter>
    </ClCompile>
    <ClCompile Include="..\text.c">
      <Filter>Source Files</Filter>
    </ClCompile>
    <ClCompile Include="..\ui.c">
      <Filter>Source Files</Filter>
    </ClCompile>
    <ClCompile Include="..\uibattle.c">
      <Filter>Source Files</Filter>
    </ClCompile>
    <ClCompile Include="..\uigame.c">
      <Filter>Source Files</Filter>
    </ClCompile>
    <ClCompile Include="..\util.c">
      <Filter>Source Files</Filter>
    </ClCompile>
    <ClCompile Include="..\video.c">
      <Filter>Source Files</Filter>
    </ClCompile>
    <ClCompile Include="..\adplug\binfile.cpp">
      <Filter>adplug</Filter>
    </ClCompile>
    <ClCompile Include="..\adplug\binio.cpp">
      <Filter>adplug</Filter>
    </ClCompile>
    <ClCompile Include="..\adplug\fprovide.cpp">
      <Filter>adplug</Filter>
    </ClCompile>
    <ClCompile Include="..\adplug\player.cpp">
      <Filter>adplug</Filter>
    </ClCompile>
    <ClCompile Include="..\adplug\rix.cpp">
      <Filter>adplug</Filter>
    </ClCompile>
    <ClCompile Include="..\adplug\surroundopl.cpp">
      <Filter>adplug</Filter>
    </ClCompile>
    <ClCompile Include="..\libmad\bit.c">
      <Filter>libmad</Filter>
    </ClCompile>
    <ClCompile Include="..\libmad\decoder.c">
      <Filter>libmad</Filter>
    </ClCompile>
    <ClCompile Include="..\libmad\fixed.c">
      <Filter>libmad</Filter>
    </ClCompile>
    <ClCompile Include="..\libmad\frame.c">
      <Filter>libmad</Filter>
    </ClCompile>
    <ClCompile Include="..\libmad\huffman.c">
      <Filter>libmad</Filter>
    </ClCompile>
    <ClCompile Include="..\libmad\layer12.c">
      <Filter>libmad</Filter>
    </ClCompile>
    <ClCompile Include="..\libmad\layer3.c">
      <Filter>libmad</Filter>
    </ClCompile>
    <ClCompile Include="..\libmad\music_mad.c">
      <Filter>libmad</Filter>
    </ClCompile>
    <ClCompile Include="..\libmad\stream.c">
      <Filter>libmad</Filter>
    </ClCompile>
    <ClCompile Include="..\libmad\synth.c">
      <Filter>libmad</Filter>
    </ClCompile>
    <ClCompile Include="..\libmad\timer.c">
      <Filter>libmad</Filter>
    </ClCompile>
    <ClCompile Include="..\resampler.c">
      <Filter>Source Files</Filter>
    </ClCompile>
    <ClCompile Include="..\yj1.c">
      <Filter>Source Files</Filter>
    </ClCompile>
    <ClCompile Include="..\oggplay.c">
      <Filter>Source Files</Filter>
    </ClCompile>
    <ClCompile Include="..\opusplay.c">
      <Filter>Source Files</Filter>
    </ClCompile>
    <ClCompile Include="..\mp3play.c">
      <Filter>Source Files</Filter>
    </ClCompile>
    <ClCompile Include="win32.cpp">
      <Filter>platform</Filter>
    </ClCompile>
    <ClCompile Include="..\overlay.c">
      <Filter>Source Files</Filter>
    </ClCompile>
    <ClCompile Include="..\palcfg.c">
      <Filter>Source Files</Filter>
    </ClCompile>
    <ClCompile Include="..\audio.c">
      <Filter>Source Files</Filter>
    </ClCompile>
    <ClCompile Include="..\aviplay.c">
      <Filter>Source Files</Filter>
    </ClCompile>
    <ClCompile Include="..\adplug\emuopls.cpp">
      <Filter>adplug</Filter>
    </ClCompile>
    <ClCompile Include="..\adplug\dosbox_opls.cpp">
      <Filter>adplug</Filter>
    </ClCompile>
    <ClCompile Include="..\adplug\mame_opls.cpp">
      <Filter>adplug</Filter>
    </ClCompile>
    <ClCompile Include="..\adplug\nuked_opl.c">
      <Filter>adplug</Filter>
    </ClCompile>
    <ClCompile Include="..\mini_glloader.c">
      <Filter>glsl</Filter>
    </ClCompile>
    <ClCompile Include="..\video_glsl.c">
      <Filter>glsl</Filter>
    </ClCompile>
    <ClCompile Include="..\glslp.c">
      <Filter>Source Files</Filter>
    </ClCompile>
    <ClCompile Include="..\midi_timidity.c">
      <Filter>Source Files</Filter>
    </ClCompile>
    <ClCompile Include="..\midi_tsf.c">
      <Filter>Source Files</Filter>
    </ClCompile>
  </ItemGroup>
  <ItemGroup>
    <ClInclude Include="..\adplug\binfile.h">
      <Filter>adplug</Filter>
    </ClInclude>
    <ClInclude Include="..\adplug\binio.h">
      <Filter>adplug</Filter>
    </ClInclude>
    <ClInclude Include="..\adplug\fprovide.h">
      <Filter>adplug</Filter>
    </ClInclude>
    <ClInclude Include="..\adplug\opl.h">
      <Filter>adplug</Filter>
    </ClInclude>
    <ClInclude Include="..\adplug\player.h">
      <Filter>adplug</Filter>
    </ClInclude>
    <ClInclude Include="..\adplug\rix.h">
      <Filter>adplug</Filter>
    </ClInclude>
    <ClInclude Include="..\adplug\surroundopl.h">
      <Filter>adplug</Filter>
    </ClInclude>
    <ClInclude Include="..\libmad\bit.h">
      <Filter>libmad</Filter>
    </ClInclude>
    <ClInclude Include="..\libmad\decoder.h">
      <Filter>libmad</Filter>
    </ClInclude>
    <ClInclude Include="..\libmad\fixed.h">
      <Filter>libmad</Filter>
    </ClInclude>
    <ClInclude Include="..\libmad\frame.h">
      <Filter>libmad</Filter>
    </ClInclude>
    <ClInclude Include="..\libmad\huffman.h">
      <Filter>libmad</Filter>
    </ClInclude>
    <ClInclude Include="..\libmad\layer12.h">
      <Filter>libmad</Filter>
    </ClInclude>
    <ClInclude Include="..\libmad\layer3.h">
      <Filter>libmad</Filter>
    </ClInclude>
    <ClInclude Include="..\libmad\libmad_config.h">
      <Filter>libmad</Filter>
    </ClInclude>
    <ClInclude Include="..\libmad\libmad_global.h">
      <Filter>libmad</Filter>
    </ClInclude>
    <ClInclude Include="..\libmad\mad.h">
      <Filter>libmad</Filter>
    </ClInclude>
    <ClInclude Include="..\libmad\music_mad.h">
      <Filter>libmad</Filter>
    </ClInclude>
    <ClInclude Include="..\libmad\stream.h">
      <Filter>libmad</Filter>
    </ClInclude>
    <ClInclude Include="..\libmad\synth.h">
      <Filter>libmad</Filter>
    </ClInclude>
    <ClInclude Include="..\libmad\timer.h">
      <Filter>libmad</Filter>
    </ClInclude>
    <ClInclude Include="pal_config.h">
      <Filter>platform</Filter>
    </ClInclude>
    <ClInclude Include="..\adplug\emuopls.h">
      <Filter>adplug</Filter>
    </ClInclude>
    <ClInclude Include="..\adplug\convertopl.h">
      <Filter>adplug</Filter>
    </ClInclude>
    <ClInclude Include="..\adplug\nuked\opl3.h">
      <Filter>adplug\nuked</Filter>
    </ClInclude>
    <ClInclude Include="..\adplug\mame\fmopl.h">
      <Filter>adplug\mame</Filter>
    </ClInclude>
    <ClInclude Include="..\adplug\mame\ymf262.h">
      <Filter>adplug\mame</Filter>
    </ClInclude>
    <ClInclude Include="..\adplug\dosbox\dbopl.h">
      <Filter>adplug\dosbox</Filter>
    </ClInclude>
    <ClInclude Include="..\adplug\dosbox\opl.h">
      <Filter>adplug\dosbox</Filter>
    </ClInclude>
    <ClInclude Include="..\adplug\dosbox\dosbox.h">
      <Filter>adplug\dosbox</Filter>
    </ClInclude>
    <ClInclude Include="..\adplug\mame\mame.h">
      <Filter>adplug\mame</Filter>
    </ClInclude>
    <ClInclude Include="..\adplug\dosbox_opls.h">
      <Filter>adplug</Filter>
    </ClInclude>
    <ClInclude Include="..\adplug\mame_opls.h">
      <Filter>adplug</Filter>
    </ClInclude>
    <ClInclude Include="..\adplug\nuked_opl.h">
      <Filter>adplug</Filter>
    </ClInclude>
    <ClInclude Include="..\adplug\opltypes.h">
      <Filter>adplug</Filter>
    </ClInclude>
    <ClInclude Include="..\adplug\mame\fmopl.cpp.h">
      <Filter>adplug\mame</Filter>
    </ClInclude>
    <ClInclude Include="..\adplug\mame\ymf262.cpp.h">
      <Filter>adplug\mame</Filter>
    </ClInclude>
    <ClInclude Include="..\adplug\dosbox\dbopl.cpp.h">
      <Filter>adplug\dosbox</Filter>
    </ClInclude>
    <ClInclude Include="..\adplug\dosbox\opl.cpp.h">
      <Filter>adplug\dosbox</Filter>
    </ClInclude>
    <ClInclude Include="..\adplug\nuked\opl3.c.h">
      <Filter>adplug\nuked</Filter>
    </ClInclude>
    <ClInclude Include="..\mini_glloader.h">
      <Filter>glsl</Filter>
    </ClInclude>
    <ClInclude Include="..\video_glsl.h">
      <Filter>glsl</Filter>
    </ClInclude>
    <ClInclude Include="..\glslp.h">
      <Filter>Source Files</Filter>
    </ClInclude>
  </ItemGroup>
  <ItemGroup>
    <None Include="..\libmad\D.dat">
      <Filter>libmad</Filter>
    </None>
    <None Include="..\libmad\imdct_s.dat">
      <Filter>libmad</Filter>
    </None>
    <None Include="..\libmad\qc_table.dat">
      <Filter>libmad</Filter>
    </None>
    <None Include="..\libmad\rq_table.dat">
      <Filter>libmad</Filter>
    </None>
    <None Include="..\libmad\sf_table.dat">
      <Filter>libmad</Filter>
    </None>
  </ItemGroup>
</Project>